<?xml version="1.0" encoding="utf-8"?>
<Project ToolsVersion="4.0" xmlns="http://schemas.microsoft.com/developer/msbuild/2003">
  <ItemGroup>
    <Filter Include="ECS">
      <UniqueIdentifier>{60E1870B-CCEA-877C-5566-9E7CC16E937C}</UniqueIdentifier>
    </Filter>
    <Filter Include="Events">
      <UniqueIdentifier>{3A8963B1-262B-8E87-0FE6-A1DBFB2615D8}</UniqueIdentifier>
    </Filter>
    <Filter Include="Structures">
      <UniqueIdentifier>{499D90A0-3555-D2ED-9E5C-AB498A336DDE}</UniqueIdentifier>
    </Filter>
  </ItemGroup>
  <ItemGroup>
    <ClInclude Include="src\Catalyst.h" />
    <ClInclude Include="src\CatalystAPI.h" />
    <ClInclude Include="src\ECS\Component.h">
      <Filter>ECS</Filter>
    </ClInclude>
    <ClInclude Include="src\ECS\ECS.h">
      <Filter>ECS</Filter>
    </ClInclude>
    <ClInclude Include="src\ECS\Entity.h">
      <Filter>ECS</Filter>
    </ClInclude>
    <ClInclude Include="src\ECS\Registry.h">
      <Filter>ECS</Filter>
    </ClInclude>
    <ClInclude Include="src\ECS\SystemAPI.h">
      <Filter>ECS</Filter>
    </ClInclude>
    <ClInclude Include="src\Events\Event.h">
      <Filter>Events</Filter>
    </ClInclude>
    <ClInclude Include="src\Events\EventParams.h">
      <Filter>Events</Filter>
    </ClInclude>
    <ClInclude Include="src\GeneralDefines.h" />
    <ClInclude Include="src\Structures\List.h">
      <Filter>Structures</Filter>
    </ClInclude>
  </ItemGroup>
  <ItemGroup>
    <ClCompile Include="src\ECS\SystemAPI.cpp">
      <Filter>ECS</Filter>
    </ClCompile>
    <ClCompile Include="src\Events\Event.cpp">
      <Filter>Events</Filter>
    </ClCompile>
  </ItemGroup>
</Project>